
Microsoft Visual Studio Solution File, Format Version 12.00
# Visual Studio Version 17
VisualStudioVersion = 17.14.36414.22
MinimumVisualStudioVersion = 10.0.40219.1
Project("{FAE04EC0-301F-11D3-BF4B-00C04F79EFBC}") = "Ocre", "src\Ocre\Ocre.csproj", "{49B29771-D144-41CF-A4FA-D838BCB6E209}"
EndProject
Project("{FAE04EC0-301F-11D3-BF4B-00C04F79EFBC}") = "Ocre.CodeFixes", "src\Ocre.CodeFixes\Ocre.CodeFixes.csproj", "{E7879E86-AFDF-41BD-B97F-B1196957179D}"
EndProject
Project("{FAE04EC0-301F-11D3-BF4B-00C04F79EFBC}") = "Ocre.Package", "src\Ocre.Package\Ocre.Package.csproj", "{811C0E66-F3D1-4460-B308-56425525CC32}"
EndProject
Project("{FAE04EC0-301F-11D3-BF4B-00C04F79EFBC}") = "Ocre.Test", "test\Ocre.Test\Ocre.Test.csproj", "{6123A3B0-471C-4241-BBEC-FC80615680A3}"
EndProject
Project("{2150E333-8FDC-42A3-9474-1A3956D46DE8}") = "Solution Items", "Solution Items", "{8EC462FD-D22E-90A8-E5CE-7E832BA40C5D}"
	ProjectSection(SolutionItems) = preProject
		.editorconfig = .editorconfig
		Directory.Build.props = Directory.Build.props
		README.md = README.md
	EndProjectSection
EndProject
Project("{FAE04EC0-301F-11D3-BF4B-00C04F79EFBC}") = "OcreSample", "test\OcreSample\OcreSample.csproj", "{E69AC903-549A-4CC3-BAA0-56BF4BD046CB}"
EndProject
Global
	GlobalSection(SolutionConfigurationPlatforms) = preSolution
		Debug|Any CPU = Debug|Any CPU
		Release|Any CPU = Release|Any CPU
	EndGlobalSection
	GlobalSection(ProjectConfigurationPlatforms) = postSolution
		{49B29771-D144-41CF-A4FA-D838BCB6E209}.Debug|Any CPU.ActiveCfg = Debug|Any CPU
		{49B29771-D144-41CF-A4FA-D838BCB6E209}.Debug|Any CPU.Build.0 = Debug|Any CPU
		{49B29771-D144-41CF-A4FA-D838BCB6E209}.Release|Any CPU.ActiveCfg = Release|Any CPU
		{49B29771-D144-41CF-A4FA-D838BCB6E209}.Release|Any CPU.Build.0 = Release|Any CPU
		{E7879E86-AFDF-41BD-B97F-B1196957179D}.Debug|Any CPU.ActiveCfg = Debug|Any CPU
		{E7879E86-AFDF-41BD-B97F-B1196957179D}.Debug|Any CPU.Build.0 = Debug|Any CPU
		{E7879E86-AFDF-41BD-B97F-B1196957179D}.Release|Any CPU.ActiveCfg = Release|Any CPU
		{E7879E86-AFDF-41BD-B97F-B1196957179D}.Release|Any CPU.Build.0 = Release|Any CPU
		{811C0E66-F3D1-4460-B308-56425525CC32}.Debug|Any CPU.ActiveCfg = Debug|Any CPU
		{811C0E66-F3D1-4460-B308-56425525CC32}.Debug|Any CPU.Build.0 = Debug|Any CPU
		{811C0E66-F3D1-4460-B308-56425525CC32}.Release|Any CPU.ActiveCfg = Release|Any CPU
		{811C0E66-F3D1-4460-B308-56425525CC32}.Release|Any CPU.Build.0 = Release|Any CPU
		{6123A3B0-471C-4241-BBEC-FC80615680A3}.Debug|Any CPU.ActiveCfg = Debug|Any CPU
		{6123A3B0-471C-4241-BBEC-FC80615680A3}.Debug|Any CPU.Build.0 = Debug|Any CPU
		{6123A3B0-471C-4241-BBEC-FC80615680A3}.Release|Any CPU.ActiveCfg = Release|Any CPU
		{6123A3B0-471C-4241-BBEC-FC80615680A3}.Release|Any CPU.Build.0 = Release|Any CPU
		{E69AC903-549A-4CC3-BAA0-56BF4BD046CB}.Debug|Any CPU.ActiveCfg = Debug|Any CPU
		{E69AC903-549A-4CC3-BAA0-56BF4BD046CB}.Debug|Any CPU.Build.0 = Debug|Any CPU
		{E69AC903-549A-4CC3-BAA0-56BF4BD046CB}.Release|Any CPU.ActiveCfg = Release|Any CPU
		{E69AC903-549A-4CC3-BAA0-56BF4BD046CB}.Release|Any CPU.Build.0 = Release|Any CPU
	EndGlobalSection
	GlobalSection(SolutionProperties) = preSolution
		HideSolutionNode = FALSE
	EndGlobalSection
	GlobalSection(ExtensibilityGlobals) = postSolution
		SolutionGuid = {EF8D62CD-423B-4F52-94C0-5BF22089DAC9}
	EndGlobalSection
EndGlobal
